
Microsoft Visual Studio Solution File, Format Version 12.00
# Visual Studio 15
VisualStudioVersion = 15.0.28307.757
MinimumVisualStudioVersion = 10.0.40219.1
Project("{FAE04EC0-301F-11D3-BF4B-00C04F79EFBC}") = "JiraFormatter", "JiraFormatter\JiraFormatter.csproj", "{F67FA685-6A00-4EE1-8CBF-764B8EDEDDF0}"
EndProject
Project("{FAE04EC0-301F-11D3-BF4B-00C04F79EFBC}") = "UnitTest", "UnitTest\UnitTest.csproj", "{4DFA059C-F23A-4DCC-8293-0EDC5D693FC5}"
EndProject
Global
	GlobalSection(SolutionConfigurationPlatforms) = preSolution
		Debug|Any CPU = Debug|Any CPU
		Release|Any CPU = Release|Any CPU
	EndGlobalSection
	GlobalSection(ProjectConfigurationPlatforms) = postSolution
		{F67FA685-6A00-4EE1-8CBF-764B8EDEDDF0}.Debug|Any CPU.ActiveCfg = Debug|Any CPU
		{F67FA685-6A00-4EE1-8CBF-764B8EDEDDF0}.Debug|Any CPU.Build.0 = Debug|Any CPU
		{F67FA685-6A00-4EE1-8CBF-764B8EDEDDF0}.Release|Any CPU.ActiveCfg = Release|Any CPU
		{F67FA685-6A00-4EE1-8CBF-764B8EDEDDF0}.Release|Any CPU.Build.0 = Release|Any CPU
		{4DFA059C-F23A-4DCC-8293-0EDC5D693FC5}.Debug|Any CPU.ActiveCfg = Debug|Any CPU
		{4DFA059C-F23A-4DCC-8293-0EDC5D693FC5}.Debug|Any CPU.Build.0 = Debug|Any CPU
		{4DFA059C-F23A-4DCC-8293-0EDC5D693FC5}.Release|Any CPU.ActiveCfg = Release|Any CPU
		{4DFA059C-F23A-4DCC-8293-0EDC5D693FC5}.Release|Any CPU.Build.0 = Release|Any CPU
	EndGlobalSection
	GlobalSection(SolutionProperties) = preSolution
		HideSolutionNode = FALSE
	EndGlobalSection
	GlobalSection(ExtensibilityGlobals) = postSolution
		SolutionGuid = {4D842A22-0AFB-47D0-903B-B7EDD2284C62}
	EndGlobalSection
EndGlobal
